
Microsoft Visual Studio Solution File, Format Version 12.00
# Visual Studio Version 17
VisualStudioVersion = 17.0.31912.275
MinimumVisualStudioVersion = 10.0.40219.1
Project("{FAE04EC0-301F-11D3-BF4B-00C04F79EFBC}") = "ISBN", "ISBN\ISBN.csproj", "{630CBCAC-970D-437D-9E9D-DDBE8728E462}"
EndProject
Project("{FAE04EC0-301F-11D3-BF4B-00C04F79EFBC}") = "Ternary2s", "Ternary2s\Ternary2s.csproj", "{7E75808A-F004-41FC-9C12-8D36CF1ABEA5}"
EndProject
Global
	GlobalSection(SolutionConfigurationPlatforms) = preSolution
		Debug|Any CPU = Debug|Any CPU
		Release|Any CPU = Release|Any CPU
	EndGlobalSection
	GlobalSection(ProjectConfigurationPlatforms) = postSolution
		{630CBCAC-970D-437D-9E9D-DDBE8728E462}.Debug|Any CPU.ActiveCfg = Debug|Any CPU
		{630CBCAC-970D-437D-9E9D-DDBE8728E462}.Debug|Any CPU.Build.0 = Debug|Any CPU
		{630CBCAC-970D-437D-9E9D-DDBE8728E462}.Release|Any CPU.ActiveCfg = Release|Any CPU
		{630CBCAC-970D-437D-9E9D-DDBE8728E462}.Release|Any CPU.Build.0 = Release|Any CPU
		{7E75808A-F004-41FC-9C12-8D36CF1ABEA5}.Debug|Any CPU.ActiveCfg = Debug|Any CPU
		{7E75808A-F004-41FC-9C12-8D36CF1ABEA5}.Debug|Any CPU.Build.0 = Debug|Any CPU
		{7E75808A-F004-41FC-9C12-8D36CF1ABEA5}.Release|Any CPU.ActiveCfg = Release|Any CPU
		{7E75808A-F004-41FC-9C12-8D36CF1ABEA5}.Release|Any CPU.Build.0 = Release|Any CPU
	EndGlobalSection
	GlobalSection(SolutionProperties) = preSolution
		HideSolutionNode = FALSE
	EndGlobalSection
	GlobalSection(ExtensibilityGlobals) = postSolution
		SolutionGuid = {435251EB-E376-43C5-9EA7-D75F4E557CF9}
	EndGlobalSection
EndGlobal
